{
  "lockfileVersion": 1,
  "workspaces": {
    "": {
      "name": "winter-compat",
      "devDependencies": {
        "@biomejs/biome": "^2.1.4",
        "@mapl/web": "^0.1.12",
        "jiti": "^2.5.1",
        "mitata": "^1.0.34",
        "oxc-minify": "^0.64.0",
        "oxc-transform": "^0.65.0",
        "typescript": "^5.9.2",
        "winter-compat-build": "./lib",
      },
      "optionalDependencies": {
        "@types/bun": "^1.2.19",
        "@types/deno": "^2.3.0",
        "@types/node": "^24.2.1",
        "uWebSockets": "git+https://github.com/uNetworking/uWebSockets.js.git",
      },
    },
  },
  "trustedDependencies": [
    "@biomejs/biome",
  ],
  "packages": {
    "@biomejs/biome": ["@biomejs/biome@2.1.4", "", { "optionalDependencies": { "@biomejs/cli-darwin-arm64": "2.1.4", "@biomejs/cli-darwin-x64": "2.1.4", "@biomejs/cli-linux-arm64": "2.1.4", "@biomejs/cli-linux-arm64-musl": "2.1.4", "@biomejs/cli-linux-x64": "2.1.4", "@biomejs/cli-linux-x64-musl": "2.1.4", "@biomejs/cli-win32-arm64": "2.1.4", "@biomejs/cli-win32-x64": "2.1.4" }, "bin": { "biome": "bin/biome" } }, "sha512-QWlrqyxsU0FCebuMnkvBIkxvPqH89afiJzjMl+z67ybutse590jgeaFdDurE9XYtzpjRGTI1tlUZPGWmbKsElA=="],

    "@biomejs/cli-darwin-arm64": ["@biomejs/cli-darwin-arm64@2.1.4", "", { "os": "darwin", "cpu": "arm64" }, "sha512-sCrNENE74I9MV090Wq/9Dg7EhPudx3+5OiSoQOkIe3DLPzFARuL1dOwCWhKCpA3I5RHmbrsbNSRfZwCabwd8Qg=="],

    "@biomejs/cli-darwin-x64": ["@biomejs/cli-darwin-x64@2.1.4", "", { "os": "darwin", "cpu": "x64" }, "sha512-gOEICJbTCy6iruBywBDcG4X5rHMbqCPs3clh3UQ+hRKlgvJTk4NHWQAyHOXvaLe+AxD1/TNX1jbZeffBJzcrOw=="],

    "@biomejs/cli-linux-arm64": ["@biomejs/cli-linux-arm64@2.1.4", "", { "os": "linux", "cpu": "arm64" }, "sha512-juhEkdkKR4nbUi5k/KRp1ocGPNWLgFRD4NrHZSveYrD6i98pyvuzmS9yFYgOZa5JhaVqo0HPnci0+YuzSwT2fw=="],

    "@biomejs/cli-linux-arm64-musl": ["@biomejs/cli-linux-arm64-musl@2.1.4", "", { "os": "linux", "cpu": "arm64" }, "sha512-nYr7H0CyAJPaLupFE2cH16KZmRC5Z9PEftiA2vWxk+CsFkPZQ6dBRdcC6RuS+zJlPc/JOd8xw3uCCt9Pv41WvQ=="],

    "@biomejs/cli-linux-x64": ["@biomejs/cli-linux-x64@2.1.4", "", { "os": "linux", "cpu": "x64" }, "sha512-Eoy9ycbhpJVYuR+LskV9s3uyaIkp89+qqgqhGQsWnp/I02Uqg2fXFblHJOpGZR8AxdB9ADy87oFVxn9MpFKUrw=="],

    "@biomejs/cli-linux-x64-musl": ["@biomejs/cli-linux-x64-musl@2.1.4", "", { "os": "linux", "cpu": "x64" }, "sha512-lvwvb2SQQHctHUKvBKptR6PLFCM7JfRjpCCrDaTmvB7EeZ5/dQJPhTYBf36BE/B4CRWR2ZiBLRYhK7hhXBCZAg=="],

    "@biomejs/cli-win32-arm64": ["@biomejs/cli-win32-arm64@2.1.4", "", { "os": "win32", "cpu": "arm64" }, "sha512-3WRYte7orvyi6TRfIZkDN9Jzoogbv+gSvR+b9VOXUg1We1XrjBg6WljADeVEaKTvOcpVdH0a90TwyOQ6ue4fGw=="],

    "@biomejs/cli-win32-x64": ["@biomejs/cli-win32-x64@2.1.4", "", { "os": "win32", "cpu": "x64" }, "sha512-tBc+W7anBPSFXGAoQW+f/+svkpt8/uXfRwDzN1DvnatkRMt16KIYpEi/iw8u9GahJlFv98kgHcIrSsZHZTR0sw=="],

    "@emnapi/core": ["@emnapi/core@1.4.5", "", { "dependencies": { "@emnapi/wasi-threads": "1.0.4", "tslib": "^2.4.0" } }, "sha512-XsLw1dEOpkSX/WucdqUhPWP7hDxSvZiY+fsUC14h+FtQ2Ifni4znbBt8punRX+Uj2JG/uDb8nEHVKvrVlvdZ5Q=="],

    "@emnapi/runtime": ["@emnapi/runtime@1.4.5", "", { "dependencies": { "tslib": "^2.4.0" } }, "sha512-++LApOtY0pEEz1zrd9vy1/zXVaVJJ/EbAF3u0fXIzPJEDtnITsBGbbK0EkM72amhl/R5b+5xx0Y/QhcVOpuulg=="],

    "@emnapi/wasi-threads": ["@emnapi/wasi-threads@1.0.4", "", { "dependencies": { "tslib": "^2.4.0" } }, "sha512-PJR+bOmMOPH8AtcTGAyYNiuJ3/Fcoj2XN/gBEWzDIKh254XO+mM9XoXHk5GNEhodxeMznbg7BlRojVbKN+gC6g=="],

    "@mapl/framework": ["@mapl/framework@0.2.7", "", {}, "sha512-2n1pDNEAg2JZ8ZDBUTg/UrQfK4Fvw7hp4V8uj91HQcfxm/WTn8fl4/OJbvtm6KTPXamKOvXZJ6taAbcSXMW31g=="],

    "@mapl/router": ["@mapl/router@0.6.0", "", {}, "sha512-NVcoV15nEtXwzJL/GvKX7Xysd/WRdDg1n5t9oUWZ4kZPT/Q1NdryK9SFT6IsobD23HtWlwnsjavUfMftwGjebw=="],

    "@mapl/web": ["@mapl/web@0.1.12", "", { "dependencies": { "@mapl/framework": "^0.2.7", "@mapl/router": "^0.6.0", "@safe-std/error": "^1.0.0" } }, "sha512-9Gv4aei6tnwNXwey5zjkSgJGDz9hxVhJD0OaTzhHtS42P2am3eI7T9LFa0WL2W1+fOUC94uqpy1+yQh3PMOa9g=="],

    "@napi-rs/wasm-runtime": ["@napi-rs/wasm-runtime@0.2.12", "", { "dependencies": { "@emnapi/core": "^1.4.3", "@emnapi/runtime": "^1.4.3", "@tybys/wasm-util": "^0.10.0" } }, "sha512-ZVWUcfwY4E/yPitQJl481FjFo3K22D6qF0DuFH6Y/nbnE11GY5uguDxZMGXPQ8WQ0128MXQD7TnfHyK4oWoIJQ=="],

    "@oxc-minify/binding-darwin-arm64": ["@oxc-minify/binding-darwin-arm64@0.64.0", "", { "os": "darwin", "cpu": "arm64" }, "sha512-vjkAMgzTmoLxBVMNtueUPF3Zc9g42+T0kFy/vHnnyt+8UgMwiqakcPpbYwjUk0lRIGpIR9eMQ/ygoIaLp9J0YA=="],

    "@oxc-minify/binding-darwin-x64": ["@oxc-minify/binding-darwin-x64@0.64.0", "", { "os": "darwin", "cpu": "x64" }, "sha512-5drEZMsjPND+P6xygTsK2Avhpqsc61yoFRfIQxpsryFT3Ryf8Vz3tXzgxUVYItzwv3OlHBKfvQJfmN1KrGlAiw=="],

    "@oxc-minify/binding-linux-arm-gnueabihf": ["@oxc-minify/binding-linux-arm-gnueabihf@0.64.0", "", { "os": "linux", "cpu": "arm" }, "sha512-7U6pA+1vCDYBtkrv5Uy51Lu8x4vZgUGV01aCFm5gMymkj5EVU595iiqPo/59wkJ9U/3ia6UeSi7ANxiG7LtrOQ=="],

    "@oxc-minify/binding-linux-arm64-gnu": ["@oxc-minify/binding-linux-arm64-gnu@0.64.0", "", { "os": "linux", "cpu": "arm64" }, "sha512-LLuw+y498KXqosUPiv5szXK0ZHCHZudiclDSiSghYj3jFH3eLo47XOiQNIWYyOsErTMdzg1yI/J79ZcfxUrhVg=="],

    "@oxc-minify/binding-linux-arm64-musl": ["@oxc-minify/binding-linux-arm64-musl@0.64.0", "", { "os": "linux", "cpu": "arm64" }, "sha512-5JC2tdDmyn4GpbwJjgTpb7wu/H59l4tXd8gE8Cb26k49Ir2cmijAS+X24wB7qO+iPj+xfGFzhBCcoT/6hIxeOw=="],

    "@oxc-minify/binding-linux-x64-gnu": ["@oxc-minify/binding-linux-x64-gnu@0.64.0", "", { "os": "linux", "cpu": "x64" }, "sha512-YpJv27iwyf7oE8dbPV8I8cyaijmIe2TwBwSHJtQIv/hDv1jZWTcFzV9gxkd10MLwzZ802VGwGuiH7dEscTcXqQ=="],

    "@oxc-minify/binding-linux-x64-musl": ["@oxc-minify/binding-linux-x64-musl@0.64.0", "", { "os": "linux", "cpu": "x64" }, "sha512-YOyL3lUQw0vJ7ZvU5TATA0PDzbgNy4aMac3H8C20aZ35Mamde1GlRhMC7nh8h4Cp2a2X6ios/mFn1nqFMPTWGA=="],

    "@oxc-minify/binding-wasm32-wasi": ["@oxc-minify/binding-wasm32-wasi@0.64.0", "", { "dependencies": { "@napi-rs/wasm-runtime": "^0.2.9" }, "cpu": "none" }, "sha512-87ycAkjA0dkMlUruNCT39YEFPIe18CJ0bwZww2ZFzi2ImWMcttmovWX+MoSdHAbP2bu0DURM/A9WjcNusg+xxw=="],

    "@oxc-minify/binding-win32-arm64-msvc": ["@oxc-minify/binding-win32-arm64-msvc@0.64.0", "", { "os": "win32", "cpu": "arm64" }, "sha512-e1eh4pmBh09gOfroAmaTK9TgBN4FtOpuov0BkbWOBcDPh0kH0722YmAq/f/p85xAHjS284fXwkK8DlLeHQapDA=="],

    "@oxc-minify/binding-win32-x64-msvc": ["@oxc-minify/binding-win32-x64-msvc@0.64.0", "", { "os": "win32", "cpu": "x64" }, "sha512-BQkLBUjobThdSVR2eL+iudr7X/RISk7uj8Z93yixBX89puwQxa/oAxBZQ9TbXgXXLBg5nkxoJgHwL++UHY3lYQ=="],

    "@oxc-transform/binding-darwin-arm64": ["@oxc-transform/binding-darwin-arm64@0.65.0", "", { "os": "darwin", "cpu": "arm64" }, "sha512-hHfhOKyH+8DOj0VUmWl6RPLy3F0jCMCUMuKICzfelvSEs5uu8YRJ7fmQSsQD9E0oTrbbdkNVjq/1mcAPHzIBsg=="],

    "@oxc-transform/binding-darwin-x64": ["@oxc-transform/binding-darwin-x64@0.65.0", "", { "os": "darwin", "cpu": "x64" }, "sha512-MNeaCPBVB1oOdb4kMZnKej8kSoxqf4XqAfFIKgx2mV1gJnW3PfwAbpqhad+XH3QM49dB++Gyaw7SPNwQLpL3YQ=="],

    "@oxc-transform/binding-linux-arm-gnueabihf": ["@oxc-transform/binding-linux-arm-gnueabihf@0.65.0", "", { "os": "linux", "cpu": "arm" }, "sha512-YpmBf4AhtAdsLV7XYY9/UxVmgewumgVlNVcPXXXAQ5shMEYhu2K/fCvlWBFe6vYNXFmXAAnDihOjLrq8n+NhnA=="],

    "@oxc-transform/binding-linux-arm64-gnu": ["@oxc-transform/binding-linux-arm64-gnu@0.65.0", "", { "os": "linux", "cpu": "arm64" }, "sha512-HbGl1QBvxCBVfRJdrcZliOsvjeoyMJQn6UUbYzQR8ud7SY2Ozp0Qf5VG0yjXvt/9BPcmOYMIxVCeKqSSkQ74XA=="],

    "@oxc-transform/binding-linux-arm64-musl": ["@oxc-transform/binding-linux-arm64-musl@0.65.0", "", { "os": "linux", "cpu": "arm64" }, "sha512-80gSeSVY9fm+xoLBkTYdJT2RYCqMy/NAqT6azQoJj3DczoNKU/4GV4F6jpINRWYUqIUAZt3RSvAQtdW3tWAjfw=="],

    "@oxc-transform/binding-linux-x64-gnu": ["@oxc-transform/binding-linux-x64-gnu@0.65.0", "", { "os": "linux", "cpu": "x64" }, "sha512-Wsl+qLcaC3EeZT/ZjPuGTOtcHYu25HeEO1jCnZmIhFfz+1RWmaEK5P5xVVJbrAgNPMVOfqbUM0EwMCfvNmmPaQ=="],

    "@oxc-transform/binding-linux-x64-musl": ["@oxc-transform/binding-linux-x64-musl@0.65.0", "", { "os": "linux", "cpu": "x64" }, "sha512-0kvRnt7EsKeGxxyt90l7yotSH5Ik5G9fbFJxkDCzPT23FzIQC8U4O1GzqNxnSj8VT/lRJGKcCL6KfSa6ttzQRQ=="],

    "@oxc-transform/binding-wasm32-wasi": ["@oxc-transform/binding-wasm32-wasi@0.65.0", "", { "dependencies": { "@napi-rs/wasm-runtime": "^0.2.9" }, "cpu": "none" }, "sha512-gKfpf5BY28Cq0scUV//oBlzXg+XFbi2tKpKDqE/ee4Z0ySeDQ66pwBUp3nnEG7EsVZjKhE8yksPN4YOCoZhG9g=="],

    "@oxc-transform/binding-win32-arm64-msvc": ["@oxc-transform/binding-win32-arm64-msvc@0.65.0", "", { "os": "win32", "cpu": "arm64" }, "sha512-InHZNcL6hB2QLaiw3KNe+Aqnk+FRt4vuVmDXUibZ0fZSQorcFw/T267PtVVuWIzFNa6CQPU4ie0rxIdP0sHcFg=="],

    "@oxc-transform/binding-win32-x64-msvc": ["@oxc-transform/binding-win32-x64-msvc@0.65.0", "", { "os": "win32", "cpu": "x64" }, "sha512-qvLEPowed0OcSEgztGXw1QF53KhLYYYWGxOK2H+9PSXpkNcYaeUQ1XOngR9kO8yIhpBt1/EOrVFeNK8biy0c7g=="],

    "@safe-std/error": ["@safe-std/error@1.0.0", "", {}, "sha512-DHTT+o61S2ryus0U07KUVnxW47lw53LyQEgpaUb2IguJRXz6WrVHFyQbv+/Dd06v6WTuR5aA+FQ7e0Ug3RXEaw=="],

    "@tybys/wasm-util": ["@tybys/wasm-util@0.10.0", "", { "dependencies": { "tslib": "^2.4.0" } }, "sha512-VyyPYFlOMNylG45GoAe0xDoLwWuowvf92F9kySqzYh8vmYm7D2u4iUJKa1tOUpS70Ku13ASrOkS4ScXFsTaCNQ=="],

    "@types/bun": ["@types/bun@1.2.20", "", { "dependencies": { "bun-types": "1.2.20" } }, "sha512-dX3RGzQ8+KgmMw7CsW4xT5ITBSCrSbfHc36SNT31EOUg/LA9JWq0VDdEXDRSe1InVWpd2yLUM1FUF/kEOyTzYA=="],

    "@types/deno": ["@types/deno@2.3.0", "", {}, "sha512-/4SyefQpKjwNKGkq9qG3Ln7MazfbWKvydyVFBnXzP5OQA4u1paoFtaOe1iHKycIWHHkhYag0lPxyheThV1ijzw=="],

    "@types/node": ["@types/node@24.2.1", "", { "dependencies": { "undici-types": "~7.10.0" } }, "sha512-DRh5K+ka5eJic8CjH7td8QpYEV6Zo10gfRkjHCO3weqZHWDtAaSTFtl4+VMqOJ4N5jcuhZ9/l+yy8rVgw7BQeQ=="],

    "@types/react": ["@types/react@19.1.10", "", { "dependencies": { "csstype": "^3.0.2" } }, "sha512-EhBeSYX0Y6ye8pNebpKrwFJq7BoQ8J5SO6NlvNwwHjSj6adXJViPQrKlsyPw7hLBLvckEMO1yxeGdR82YBBlDg=="],

    "bun-types": ["bun-types@1.2.20", "", { "dependencies": { "@types/node": "*" }, "peerDependencies": { "@types/react": "^19" } }, "sha512-pxTnQYOrKvdOwyiyd/7sMt9yFOenN004Y6O4lCcCUoKVej48FS5cvTw9geRaEcB9TsDZaJKAxPTVvi8tFsVuXA=="],

    "csstype": ["csstype@3.1.3", "", {}, "sha512-M1uQkMl8rQK/szD0LNhtqxIPLpimGm8sOBwU7lLnCpSbTyY3yeU1Vc7l4KT5zT4s/yOxHH5O7tIuuLOCnLADRw=="],

    "jiti": ["jiti@2.5.1", "", { "bin": { "jiti": "lib/jiti-cli.mjs" } }, "sha512-twQoecYPiVA5K/h6SxtORw/Bs3ar+mLUtoPSc7iMXzQzK8d7eJ/R09wmTwAjiamETn1cXYPGfNnu7DMoHgu12w=="],

    "mitata": ["mitata@1.0.34", "", {}, "sha512-Mc3zrtNBKIMeHSCQ0XqRLo1vbdIx1wvFV9c8NJAiyho6AjNfMY8bVhbS12bwciUdd1t4rj8099CH3N3NFahaUA=="],

    "oxc-minify": ["oxc-minify@0.64.0", "", { "optionalDependencies": { "@oxc-minify/binding-darwin-arm64": "0.64.0", "@oxc-minify/binding-darwin-x64": "0.64.0", "@oxc-minify/binding-linux-arm-gnueabihf": "0.64.0", "@oxc-minify/binding-linux-arm64-gnu": "0.64.0", "@oxc-minify/binding-linux-arm64-musl": "0.64.0", "@oxc-minify/binding-linux-x64-gnu": "0.64.0", "@oxc-minify/binding-linux-x64-musl": "0.64.0", "@oxc-minify/binding-wasm32-wasi": "0.64.0", "@oxc-minify/binding-win32-arm64-msvc": "0.64.0", "@oxc-minify/binding-win32-x64-msvc": "0.64.0" } }, "sha512-nyQ4qGRlr210mVSkS9whn+ghhe2o6ba22ksTBWMj4CHUhNJWfY0S/h1yEUvDZxNFtuxSReLSlQATUzUyo7/wzQ=="],

    "oxc-transform": ["oxc-transform@0.65.0", "", { "optionalDependencies": { "@oxc-transform/binding-darwin-arm64": "0.65.0", "@oxc-transform/binding-darwin-x64": "0.65.0", "@oxc-transform/binding-linux-arm-gnueabihf": "0.65.0", "@oxc-transform/binding-linux-arm64-gnu": "0.65.0", "@oxc-transform/binding-linux-arm64-musl": "0.65.0", "@oxc-transform/binding-linux-x64-gnu": "0.65.0", "@oxc-transform/binding-linux-x64-musl": "0.65.0", "@oxc-transform/binding-wasm32-wasi": "0.65.0", "@oxc-transform/binding-win32-arm64-msvc": "0.65.0", "@oxc-transform/binding-win32-x64-msvc": "0.65.0" } }, "sha512-TWAMi8zVvORQw545O1/1irpbMPDQGD6ernen5QyY5PCL9nj3RqgR1ULlQiHVDXEl2rW+OtHF8KS0ItAUyOfQ+Q=="],

    "tslib": ["tslib@2.8.1", "", {}, "sha512-oJFu94HQb+KVduSUQL7wnpmqnfmLsOA/nAh6b6EH0wCEoK0/mPeXU6c3wKDV83MkOuHPRHtSXKKU99IBazS/2w=="],

    "typescript": ["typescript@5.9.2", "", { "bin": { "tsc": "bin/tsc", "tsserver": "bin/tsserver" } }, "sha512-CWBzXQrc/qOkhidw1OzBTQuYRbfyxDXJMVJ1XNwUHGROVmuaeiEm3OslpZ1RV96d7SKKjZKrSJu3+t/xlw3R9A=="],

    "uWebSockets": ["uWebSockets.js@github:uNetworking/uWebSockets.js#da32344", {}, "uNetworking-uWebSockets.js-da32344"],

    "undici-types": ["undici-types@7.10.0", "", {}, "sha512-t5Fy/nfn+14LuOc2KNYg75vZqClpAiqscVvMygNnlsHBFpSXdJaYtXMcdNLpl/Qvc3P2cB3s6lOV51nqsFq4ag=="],

    "winter-compat-build": ["winter-compat@file:lib", { "optionalDependencies": { "@types/bun": "^1.2.19", "@types/deno": "^2.3.0", "@types/node": "^24.2.1" } }],
  }
}
